// !$*UTF8*$!
{
	archiveVersion = 1;
	classes = {
	};
	objectVersion = 46;
	objects = {

/* Begin PBXBuildFile section */
		1B44A66D1E91827F006F4E4D /* GitHubAPI.swift in Sources */ = {isa = PBXBuildFile; fileRef = 1B44A66C1E91827F006F4E4D /* GitHubAPI.swift */; };
		1B44A66F1E91DFF6006F4E4D /* env.json in Resources */ = {isa = PBXBuildFile; fileRef = 1B44A66E1E91DFF6006F4E4D /* env.json */; };
		1B44A6731E91EE26006F4E4D /* User.swift in Sources */ = {isa = PBXBuildFile; fileRef = 1B44A6721E91EE26006F4E4D /* User.swift */; };
		1B44A6751E91FF3C006F4E4D /* RepositoryViewController.swift in Sources */ = {isa = PBXBuildFile; fileRef = 1B44A6741E91FF3C006F4E4D /* RepositoryViewController.swift */; };
		1B44A6781E920C16006F4E4D /* RepositoryTableCell.swift in Sources */ = {isa = PBXBuildFile; fileRef = 1B44A6761E920C16006F4E4D /* RepositoryTableCell.swift */; };
		1B44A6791E920C16006F4E4D /* RepositoryTableCell.xib in Resources */ = {isa = PBXBuildFile; fileRef = 1B44A6771E920C16006F4E4D /* RepositoryTableCell.xib */; };
		1BA2C2AA1E90DB190013C605 /* AppDelegate.swift in Sources */ = {isa = PBXBuildFile; fileRef = 1BA2C2A91E90DB190013C605 /* AppDelegate.swift */; };
		1BA2C2AC1E90DB190013C605 /* HomeViewController.swift in Sources */ = {isa = PBXBuildFile; fileRef = 1BA2C2AB1E90DB190013C605 /* HomeViewController.swift */; };
		1BA2C2AE1E90DB190013C605 /* ProfileViewController.swift in Sources */ = {isa = PBXBuildFile; fileRef = 1BA2C2AD1E90DB190013C605 /* ProfileViewController.swift */; };
		1BA2C2B11E90DB190013C605 /* Main.storyboard in Resources */ = {isa = PBXBuildFile; fileRef = 1BA2C2AF1E90DB190013C605 /* Main.storyboard */; };
		1BA2C2B31E90DB190013C605 /* Assets.xcassets in Resources */ = {isa = PBXBuildFile; fileRef = 1BA2C2B21E90DB190013C605 /* Assets.xcassets */; };
		1BA2C2B61E90DB190013C605 /* LaunchScreen.storyboard in Resources */ = {isa = PBXBuildFile; fileRef = 1BA2C2B41E90DB190013C605 /* LaunchScreen.storyboard */; };
		1BA2C2C31E90E0400013C605 /* ShortTabBarController.swift in Sources */ = {isa = PBXBuildFile; fileRef = 1BA2C2C21E90E0400013C605 /* ShortTabBarController.swift */; };
		1BA2C2C51E90E2450013C605 /* Repository.swift in Sources */ = {isa = PBXBuildFile; fileRef = 1BA2C2C41E90E2450013C605 /* Repository.swift */; };
		1BA2C2C71E90E27E0013C605 /* UIResponder.swift in Sources */ = {isa = PBXBuildFile; fileRef = 1BA2C2C61E90E27E0013C605 /* UIResponder.swift */; };
		27F865858305377CFC1E521A /* Pods_GitHub.framework in Frameworks */ = {isa = PBXBuildFile; fileRef = F15BA705C0C15A73DA195117 /* Pods_GitHub.framework */; };
/* End PBXBuildFile section */

/* Begin PBXFileReference section */
		1B44A66C1E91827F006F4E4D /* GitHubAPI.swift */ = {isa = PBXFileReference; fileEncoding = 4; lastKnownFileType = sourcecode.swift; name = GitHubAPI.swift; path = Models/GitHubAPI.swift; sourceTree = "<group>"; };
		1B44A66E1E91DFF6006F4E4D /* env.json */ = {isa = PBXFileReference; fileEncoding = 4; lastKnownFileType = text.json; path = env.json; sourceTree = "<group>"; };
		1B44A6721E91EE26006F4E4D /* User.swift */ = {isa = PBXFileReference; fileEncoding = 4; lastKnownFileType = sourcecode.swift; name = User.swift; path = Models/User.swift; sourceTree = "<group>"; };
		1B44A6741E91FF3C006F4E4D /* RepositoryViewController.swift */ = {isa = PBXFileReference; fileEncoding = 4; lastKnownFileType = sourcecode.swift; name = RepositoryViewController.swift; path = Controllers/RepositoryViewController.swift; sourceTree = "<group>"; };
		1B44A6761E920C16006F4E4D /* RepositoryTableCell.swift */ = {isa = PBXFileReference; fileEncoding = 4; lastKnownFileType = sourcecode.swift; name = RepositoryTableCell.swift; path = Views/RepositoryTableCell.swift; sourceTree = "<group>"; };
		1B44A6771E920C16006F4E4D /* RepositoryTableCell.xib */ = {isa = PBXFileReference; fileEncoding = 4; lastKnownFileType = file.xib; name = RepositoryTableCell.xib; path = Views/RepositoryTableCell.xib; sourceTree = "<group>"; };
		1BA2C2A61E90DB190013C605 /* GitHub.app */ = {isa = PBXFileReference; explicitFileType = wrapper.application; includeInIndex = 0; path = GitHub.app; sourceTree = BUILT_PRODUCTS_DIR; };
		1BA2C2A91E90DB190013C605 /* AppDelegate.swift */ = {isa = PBXFileReference; lastKnownFileType = sourcecode.swift; path = AppDelegate.swift; sourceTree = "<group>"; };
		1BA2C2AB1E90DB190013C605 /* HomeViewController.swift */ = {isa = PBXFileReference; lastKnownFileType = sourcecode.swift; name = HomeViewController.swift; path = Controllers/HomeViewController.swift; sourceTree = "<group>"; };
		1BA2C2AD1E90DB190013C605 /* ProfileViewController.swift */ = {isa = PBXFileReference; lastKnownFileType = sourcecode.swift; name = ProfileViewController.swift; path = Controllers/ProfileViewController.swift; sourceTree = "<group>"; };
		1BA2C2B01E90DB190013C605 /* Base */ = {isa = PBXFileReference; lastKnownFileType = file.storyboard; name = Base; path = Base.lproj/Main.storyboard; sourceTree = "<group>"; };
		1BA2C2B21E90DB190013C605 /* Assets.xcassets */ = {isa = PBXFileReference; lastKnownFileType = folder.assetcatalog; path = Assets.xcassets; sourceTree = "<group>"; };
		1BA2C2B51E90DB190013C605 /* Base */ = {isa = PBXFileReference; lastKnownFileType = file.storyboard; name = Base; path = Base.lproj/LaunchScreen.storyboard; sourceTree = "<group>"; };
		1BA2C2B71E90DB190013C605 /* Info.plist */ = {isa = PBXFileReference; lastKnownFileType = text.plist.xml; path = Info.plist; sourceTree = "<group>"; };
		1BA2C2C21E90E0400013C605 /* ShortTabBarController.swift */ = {isa = PBXFileReference; fileEncoding = 4; lastKnownFileType = sourcecode.swift; name = ShortTabBarController.swift; path = Controllers/ShortTabBarController.swift; sourceTree = "<group>"; };
		1BA2C2C41E90E2450013C605 /* Repository.swift */ = {isa = PBXFileReference; fileEncoding = 4; lastKnownFileType = sourcecode.swift; name = Repository.swift; path = Models/Repository.swift; sourceTree = "<group>"; };
		1BA2C2C61E90E27E0013C605 /* UIResponder.swift */ = {isa = PBXFileReference; fileEncoding = 4; lastKnownFileType = sourcecode.swift; name = UIResponder.swift; path = Utilities/UIResponder.swift; sourceTree = "<group>"; };
		7DFD9CE753446754B6838785 /* Pods-GitHub.release.xcconfig */ = {isa = PBXFileReference; includeInIndex = 1; lastKnownFileType = text.xcconfig; name = "Pods-GitHub.release.xcconfig"; path = "Pods/Target Support Files/Pods-GitHub/Pods-GitHub.release.xcconfig"; sourceTree = "<group>"; };
		AA3EF29890CBA4E5F750214B /* Pods-GitHub.debug.xcconfig */ = {isa = PBXFileReference; includeInIndex = 1; lastKnownFileType = text.xcconfig; name = "Pods-GitHub.debug.xcconfig"; path = "Pods/Target Support Files/Pods-GitHub/Pods-GitHub.debug.xcconfig"; sourceTree = "<group>"; };
		F15BA705C0C15A73DA195117 /* Pods_GitHub.framework */ = {isa = PBXFileReference; explicitFileType = wrapper.framework; includeInIndex = 0; path = Pods_GitHub.framework; sourceTree = BUILT_PRODUCTS_DIR; };
/* End PBXFileReference section */

/* Begin PBXFrameworksBuildPhase section */
		1BA2C2A31E90DB190013C605 /* Frameworks */ = {
			isa = PBXFrameworksBuildPhase;
			buildActionMask = 2147483647;
			files = (
				27F865858305377CFC1E521A /* Pods_GitHub.framework in Frameworks */,
			);
			runOnlyForDeploymentPostprocessing = 0;
		};
/* End PBXFrameworksBuildPhase section */

/* Begin PBXGroup section */
		1BA2C29D1E90DB190013C605 = {
			isa = PBXGroup;
			children = (
				1BA2C2A81E90DB190013C605 /* GitHub */,
				1BA2C2A71E90DB190013C605 /* Products */,
				EED7B2E878B3C25C0980AFB5 /* Pods */,
				88AA62A9CD587E497DD1F3A1 /* Frameworks */,
			);
			sourceTree = "<group>";
		};
		1BA2C2A71E90DB190013C605 /* Products */ = {
			isa = PBXGroup;
			children = (
				1BA2C2A61E90DB190013C605 /* GitHub.app */,
			);
			name = Products;
			sourceTree = "<group>";
		};
		1BA2C2A81E90DB190013C605 /* GitHub */ = {
			isa = PBXGroup;
			children = (
				1BA2C2BD1E90DCFB0013C605 /* Models */,
				1BA2C2BE1E90DD090013C605 /* Views */,
				1BA2C2BF1E90DD0F0013C605 /* Controllers */,
				1BA2C2C01E90DD320013C605 /* Utilities */,
				1BA2C2A91E90DB190013C605 /* AppDelegate.swift */,
			);
			path = GitHub;
			sourceTree = "<group>";
		};
		1BA2C2BD1E90DCFB0013C605 /* Models */ = {
			isa = PBXGroup;
			children = (
				1BA2C2C41E90E2450013C605 /* Repository.swift */,
				1B44A66C1E91827F006F4E4D /* GitHubAPI.swift */,
				1B44A6721E91EE26006F4E4D /* User.swift */,
			);
			name = Models;
			sourceTree = "<group>";
		};
		1BA2C2BE1E90DD090013C605 /* Views */ = {
			isa = PBXGroup;
			children = (
				1BA2C2AF1E90DB190013C605 /* Main.storyboard */,
				1BA2C2B41E90DB190013C605 /* LaunchScreen.storyboard */,
				1B44A6761E920C16006F4E4D /* RepositoryTableCell.swift */,
				1B44A6771E920C16006F4E4D /* RepositoryTableCell.xib */,
			);
			name = Views;
			sourceTree = "<group>";
		};
		1BA2C2BF1E90DD0F0013C605 /* Controllers */ = {
			isa = PBXGroup;
			children = (
				1BA2C2AB1E90DB190013C605 /* HomeViewController.swift */,
				1BA2C2AD1E90DB190013C605 /* ProfileViewController.swift */,
				1BA2C2C21E90E0400013C605 /* ShortTabBarController.swift */,
				1B44A6741E91FF3C006F4E4D /* RepositoryViewController.swift */,
			);
			name = Controllers;
			sourceTree = "<group>";
		};
		1BA2C2C01E90DD320013C605 /* Utilities */ = {
			isa = PBXGroup;
			children = (
				1B44A66E1E91DFF6006F4E4D /* env.json */,
				1BA2C2B21E90DB190013C605 /* Assets.xcassets */,
				1BA2C2B71E90DB190013C605 /* Info.plist */,
				1BA2C2C61E90E27E0013C605 /* UIResponder.swift */,
			);
			name = Utilities;
			sourceTree = "<group>";
		};
		88AA62A9CD587E497DD1F3A1 /* Frameworks */ = {
			isa = PBXGroup;
			children = (
				F15BA705C0C15A73DA195117 /* Pods_GitHub.framework */,
			);
			name = Frameworks;
			sourceTree = "<group>";
		};
		EED7B2E878B3C25C0980AFB5 /* Pods */ = {
			isa = PBXGroup;
			children = (
				AA3EF29890CBA4E5F750214B /* Pods-GitHub.debug.xcconfig */,
				7DFD9CE753446754B6838785 /* Pods-GitHub.release.xcconfig */,
			);
			name = Pods;
			sourceTree = "<group>";
		};
/* End PBXGroup section */

/* Begin PBXNativeTarget section */
		1BA2C2A51E90DB190013C605 /* GitHub */ = {
			isa = PBXNativeTarget;
			buildConfigurationList = 1BA2C2BA1E90DB190013C605 /* Build configuration list for PBXNativeTarget "GitHub" */;
			buildPhases = (
				144444DE493F1F527400639D /* [CP] Check Pods Manifest.lock */,
				1BA2C2A21E90DB190013C605 /* Sources */,
				1BA2C2A31E90DB190013C605 /* Frameworks */,
				1BA2C2A41E90DB190013C605 /* Resources */,
				98EA6FD5F5A976A85D342A93 /* [CP] Embed Pods Frameworks */,
				3863F96FABD5E1F982A7EC54 /* [CP] Copy Pods Resources */,
			);
			buildRules = (
			);
			dependencies = (
			);
			name = GitHub;
			productName = GitHub;
			productReference = 1BA2C2A61E90DB190013C605 /* GitHub.app */;
			productType = "com.apple.product-type.application";
		};
/* End PBXNativeTarget section */

/* Begin PBXProject section */
		1BA2C29E1E90DB190013C605 /* Project object */ = {
			isa = PBXProject;
			attributes = {
				LastSwiftUpdateCheck = 0830;
				LastUpgradeCheck = 0830;
				ORGANIZATIONNAME = "Jake Romer";
				TargetAttributes = {
					1BA2C2A51E90DB190013C605 = {
						CreatedOnToolsVersion = 8.3;
						DevelopmentTeam = M94KDK654M;
						ProvisioningStyle = Automatic;
					};
				};
			};
			buildConfigurationList = 1BA2C2A11E90DB190013C605 /* Build configuration list for PBXProject "GitHub" */;
			compatibilityVersion = "Xcode 3.2";
			developmentRegion = English;
			hasScannedForEncodings = 0;
			knownRegions = (
				en,
				Base,
			);
			mainGroup = 1BA2C29D1E90DB190013C605;
			productRefGroup = 1BA2C2A71E90DB190013C605 /* Products */;
			projectDirPath = "";
			projectRoot = "";
			targets = (
				1BA2C2A51E90DB190013C605 /* GitHub */,
			);
		};
/* End PBXProject section */

/* Begin PBXResourcesBuildPhase section */
		1BA2C2A41E90DB190013C605 /* Resources */ = {
			isa = PBXResourcesBuildPhase;
			buildActionMask = 2147483647;
			files = (
				1BA2C2B61E90DB190013C605 /* LaunchScreen.storyboard in Resources */,
				1B44A66F1E91DFF6006F4E4D /* env.json in Resources */,
				1B44A6791E920C16006F4E4D /* RepositoryTableCell.xib in Resources */,
				1BA2C2B31E90DB190013C605 /* Assets.xcassets in Resources */,
				1BA2C2B11E90DB190013C605 /* Main.storyboard in Resources */,
			);
			runOnlyForDeploymentPostprocessing = 0;
		};
/* End PBXResourcesBuildPhase section */

/* Begin PBXShellScriptBuildPhase section */
		144444DE493F1F527400639D /* [CP] Check Pods Manifest.lock */ = {
			isa = PBXShellScriptBuildPhase;
			buildActionMask = 2147483647;
			files = (
			);
			inputPaths = (
			);
			name = "[CP] Check Pods Manifest.lock";
			outputPaths = (
			);
			runOnlyForDeploymentPostprocessing = 0;
			shellPath = /bin/sh;
			shellScript = "diff \"${PODS_ROOT}/../Podfile.lock\" \"${PODS_ROOT}/Manifest.lock\" > /dev/null\nif [ $? != 0 ] ; then\n    # print error to STDERR\n    echo \"error: The sandbox is not in sync with the Podfile.lock. Run 'pod install' or update your CocoaPods installation.\" >&2\n    exit 1\nfi\n";
			showEnvVarsInLog = 0;
		};
		3863F96FABD5E1F982A7EC54 /* [CP] Copy Pods Resources */ = {
			isa = PBXShellScriptBuildPhase;
			buildActionMask = 2147483647;
			files = (
			);
			inputPaths = (
			);
			name = "[CP] Copy Pods Resources";
			outputPaths = (
			);
			runOnlyForDeploymentPostprocessing = 0;
			shellPath = /bin/sh;
			shellScript = "\"${SRCROOT}/Pods/Target Support Files/Pods-GitHub/Pods-GitHub-resources.sh\"\n";
			showEnvVarsInLog = 0;
		};
		98EA6FD5F5A976A85D342A93 /* [CP] Embed Pods Frameworks */ = {
			isa = PBXShellScriptBuildPhase;
			buildActionMask = 2147483647;
			files = (
			);
			inputPaths = (
			);
			name = "[CP] Embed Pods Frameworks";
			outputPaths = (
			);
			runOnlyForDeploymentPostprocessing = 0;
			shellPath = /bin/sh;
			shellScript = "\"${SRCROOT}/Pods/Target Support Files/Pods-GitHub/Pods-GitHub-frameworks.sh\"\n";
			showEnvVarsInLog = 0;
		};
/* End PBXShellScriptBuildPhase section */

/* Begin PBXSourcesBuildPhase section */
		1BA2C2A21E90DB190013C605 /* Sources */ = {
			isa = PBXSourcesBuildPhase;
			buildActionMask = 2147483647;
			files = (
				1BA2C2AE1E90DB190013C605 /* ProfileViewController.swift in Sources */,
				1BA2C2AA1E90DB190013C605 /* AppDelegate.swift in Sources */,
				1BA2C2C51E90E2450013C605 /* Repository.swift in Sources */,
				1BA2C2C31E90E0400013C605 /* ShortTabBarController.swift in Sources */,
				1B44A6781E920C16006F4E4D /* RepositoryTableCell.swift in Sources */,
				1B44A6751E91FF3C006F4E4D /* RepositoryViewController.swift in Sources */,
				1B44A6731E91EE26006F4E4D /* User.swift in Sources */,
				1BA2C2C71E90E27E0013C605 /* UIResponder.swift in Sources */,
				1B44A66D1E91827F006F4E4D /* GitHubAPI.swift in Sources */,
				1BA2C2AC1E90DB190013C605 /* HomeViewController.swift in Sources */,
			);
			runOnlyForDeploymentPostprocessing = 0;
		};
/* End PBXSourcesBuildPhase section */

/* Begin PBXVariantGroup section */
		1BA2C2AF1E90DB190013C605 /* Main.storyboard */ = {
			isa = PBXVariantGroup;
			children = (
				1BA2C2B01E90DB190013C605 /* Base */,
			);
			name = Main.storyboard;
			sourceTree = "<group>";
		};
		1BA2C2B41E90DB190013C605 /* LaunchScreen.storyboard */ = {
			isa = PBXVariantGroup;
			children = (
				1BA2C2B51E90DB190013C605 /* Base */,
			);
			name = LaunchScreen.storyboard;
			sourceTree = "<group>";
		};
/* End PBXVariantGroup section */

/* Begin XCBuildConfiguration section */
		1BA2C2B81E90DB190013C605 /* Debug */ = {
			isa = XCBuildConfiguration;
			buildSettings = {
				ALWAYS_SEARCH_USER_PATHS = NO;
				CLANG_ANALYZER_NONNULL = YES;
				CLANG_ANALYZER_NUMBER_OBJECT_CONVERSION = YES_AGGRESSIVE;
				CLANG_CXX_LANGUAGE_STANDARD = "gnu++0x";
				CLANG_CXX_LIBRARY = "libc++";
				CLANG_ENABLE_MODULES = YES;
				CLANG_ENABLE_OBJC_ARC = YES;
				CLANG_WARN_BOOL_CONVERSION = YES;
				CLANG_WARN_CONSTANT_CONVERSION = YES;
				CLANG_WARN_DIRECT_OBJC_ISA_USAGE = YES_ERROR;
				CLANG_WARN_DOCUMENTATION_COMMENTS = YES;
				CLANG_WARN_EMPTY_BODY = YES;
				CLANG_WARN_ENUM_CONVERSION = YES;
				CLANG_WARN_INFINITE_RECURSION = YES;
				CLANG_WARN_INT_CONVERSION = YES;
				CLANG_WARN_OBJC_ROOT_CLASS = YES_ERROR;
				CLANG_WARN_SUSPICIOUS_MOVE = YES;
				CLANG_WARN_UNREACHABLE_CODE = YES;
				CLANG_WARN__DUPLICATE_METHOD_MATCH = YES;
				"CODE_SIGN_IDENTITY[sdk=iphoneos*]" = "iPhone Developer";
				COPY_PHASE_STRIP = NO;
				DEBUG_INFORMATION_FORMAT = dwarf;
				ENABLE_STRICT_OBJC_MSGSEND = YES;
				ENABLE_TESTABILITY = YES;
				GCC_C_LANGUAGE_STANDARD = gnu99;
				GCC_DYNAMIC_NO_PIC = NO;
				GCC_NO_COMMON_BLOCKS = YES;
				GCC_OPTIMIZATION_LEVEL = 0;
				GCC_PREPROCESSOR_DEFINITIONS = (
					"DEBUG=1",
					"$(inherited)",
				);
				GCC_WARN_64_TO_32_BIT_CONVERSION = YES;
				GCC_WARN_ABOUT_RETURN_TYPE = YES_ERROR;
				GCC_WARN_UNDECLARED_SELECTOR = YES;
				GCC_WARN_UNINITIALIZED_AUTOS = YES_AGGRESSIVE;
				GCC_WARN_UNUSED_FUNCTION = YES;
				GCC_WARN_UNUSED_VARIABLE = YES;
				IPHONEOS_DEPLOYMENT_TARGET = 10.3;
				MTL_ENABLE_DEBUG_INFO = YES;
				ONLY_ACTIVE_ARCH = YES;
				SDKROOT = iphoneos;
				SWIFT_ACTIVE_COMPILATION_CONDITIONS = DEBUG;
				SWIFT_OPTIMIZATION_LEVEL = "-Onone";
				TARGETED_DEVICE_FAMILY = "1,2";
			};
			name = Debug;
		};
		1BA2C2B91E90DB190013C605 /* Release */ = {
			isa = XCBuildConfiguration;
			buildSettings = {
				ALWAYS_SEARCH_USER_PATHS = NO;
				CLANG_ANALYZER_NONNULL = YES;
				CLANG_ANALYZER_NUMBER_OBJECT_CONVERSION = YES_AGGRESSIVE;
				CLANG_CXX_LANGUAGE_STANDARD = "gnu++0x";
				CLANG_CXX_LIBRARY = "libc++";
				CLANG_ENABLE_MODULES = YES;
				CLANG_ENABLE_OBJC_ARC = YES;
				CLANG_WARN_BOOL_CONVERSION = YES;
				CLANG_WARN_CONSTANT_CONVERSION = YES;
				CLANG_WARN_DIRECT_OBJC_ISA_USAGE = YES_ERROR;
				CLANG_WARN_DOCUMENTATION_COMMENTS = YES;
				CLANG_WARN_EMPTY_BODY = YES;
				CLANG_WARN_ENUM_CONVERSION = YES;
				CLANG_WARN_INFINITE_RECURSION = YES;
				CLANG_WARN_INT_CONVERSION = YES;
				CLANG_WARN_OBJC_ROOT_CLASS = YES_ERROR;
				CLANG_WARN_SUSPICIOUS_MOVE = YES;
				CLANG_WARN_UNREACHABLE_CODE = YES;
				CLANG_WARN__DUPLICATE_METHOD_MATCH = YES;
				"CODE_SIGN_IDENTITY[sdk=iphoneos*]" = "iPhone Developer";
				COPY_PHASE_STRIP = NO;
				DEBUG_INFORMATION_FORMAT = "dwarf-with-dsym";
				ENABLE_NS_ASSERTIONS = NO;
				ENABLE_STRICT_OBJC_MSGSEND = YES;
				GCC_C_LANGUAGE_STANDARD = gnu99;
				GCC_NO_COMMON_BLOCKS = YES;
				GCC_WARN_64_TO_32_BIT_CONVERSION = YES;
				GCC_WARN_ABOUT_RETURN_TYPE = YES_ERROR;
				GCC_WARN_UNDECLARED_SELECTOR = YES;
				GCC_WARN_UNINITIALIZED_AUTOS = YES_AGGRESSIVE;
				GCC_WARN_UNUSED_FUNCTION = YES;
				GCC_WARN_UNUSED_VARIABLE = YES;
				IPHONEOS_DEPLOYMENT_TARGET = 10.3;
				MTL_ENABLE_DEBUG_INFO = NO;
				SDKROOT = iphoneos;
				SWIFT_OPTIMIZATION_LEVEL = "-Owholemodule";
				TARGETED_DEVICE_FAMILY = "1,2";
				VALIDATE_PRODUCT = YES;
			};
			name = Release;
		};
		1BA2C2BB1E90DB190013C605 /* Debug */ = {
			isa = XCBuildConfiguration;
			baseConfigurationReference = AA3EF29890CBA4E5F750214B /* Pods-GitHub.debug.xcconfig */;
			buildSettings = {
				ASSETCATALOG_COMPILER_APPICON_NAME = AppIcon;
				DEVELOPMENT_TEAM = M94KDK654M;
				INFOPLIST_FILE = GitHub/Info.plist;
				IPHONEOS_DEPLOYMENT_TARGET = 10.3;
				LD_RUNPATH_SEARCH_PATHS = "$(inherited) @executable_path/Frameworks";
				PRODUCT_BUNDLE_IDENTIFIER = jkrmr.GitHub;
				PRODUCT_NAME = "$(TARGET_NAME)";
				SWIFT_VERSION = 3.0;
			};
			name = Debug;
		};
		1BA2C2BC1E90DB190013C605 /* Release */ = {
			isa = XCBuildConfiguration;
			baseConfigurationReference = 7DFD9CE753446754B6838785 /* Pods-GitHub.release.xcconfig */;
			buildSettings = {
				ASSETCATALOG_COMPILER_APPICON_NAME = AppIcon;
				DEVELOPMENT_TEAM = M94KDK654M;
				INFOPLIST_FILE = GitHub/Info.plist;
				IPHONEOS_DEPLOYMENT_TARGET = 10.3;
				LD_RUNPATH_SEARCH_PATHS = "$(inherited) @executable_path/Frameworks";
				PRODUCT_BUNDLE_IDENTIFIER = jkrmr.GitHub;
				PRODUCT_NAME = "$(TARGET_NAME)";
				SWIFT_VERSION = 3.0;
			};
			name = Release;
		};
/* End XCBuildConfiguration section */

/* Begin XCConfigurationList section */
		1BA2C2A11E90DB190013C605 /* Build configuration list for PBXProject "GitHub" */ = {
			isa = XCConfigurationList;
			buildConfigurations = (
				1BA2C2B81E90DB190013C605 /* Debug */,
				1BA2C2B91E90DB190013C605 /* Release */,
			);
			defaultConfigurationIsVisible = 0;
			defaultConfigurationName = Release;
		};
		1BA2C2BA1E90DB190013C605 /* Build configuration list for PBXNativeTarget "GitHub" */ = {
			isa = XCConfigurationList;
			buildConfigurations = (
				1BA2C2BB1E90DB190013C605 /* Debug */,
				1BA2C2BC1E90DB190013C605 /* Release */,
			);
			defaultConfigurationIsVisible = 0;
			defaultConfigurationName = Release;
		};
/* End XCConfigurationList section */
	};
	rootObject = 1BA2C29E1E90DB190013C605 /* Project object */;
}
